{
  "requires": true,
  "lockfileVersion": 1,
  "dependencies": {
    "material-icons": {
      "version": "1.0.1",
      "resolved": "https://registry.npmjs.org/material-icons/-/material-icons-1.0.1.tgz",
      "integrity": "sha512-Bty2LcAS6BOj+DgIgd0FAnYpl5KHNxVBOR27J2OsGByTL2rI+0pguiXvpUJcLwIZVeOgfe/U1xosvo3lHtYM9g=="
    }
  }
}
